
Microsoft Visual Studio Solution File, Format Version 12.00
# Visual Studio Version 16
VisualStudioVersion = 16.0.29102.190
MinimumVisualStudioVersion = 10.0.40219.1
Project("{FAE04EC0-301F-11D3-BF4B-00C04F79EFBC}") = "lib", "lib\lib.csproj", "{C3948D13-1071-46DC-B968-7F64D724AAD7}"
EndProject
Global
	GlobalSection(SolutionConfigurationPlatforms) = preSolution
		Debug|Any CPU = Debug|Any CPU
		Release|Any CPU = Release|Any CPU
	EndGlobalSection
	GlobalSection(ProjectConfigurationPlatforms) = postSolution
		{C3948D13-1071-46DC-B968-7F64D724AAD7}.Debug|Any CPU.ActiveCfg = Debug|Any CPU
		{C3948D13-1071-46DC-B968-7F64D724AAD7}.Debug|Any CPU.Build.0 = Debug|Any CPU
		{C3948D13-1071-46DC-B968-7F64D724AAD7}.Release|Any CPU.ActiveCfg = Release|Any CPU
		{C3948D13-1071-46DC-B968-7F64D724AAD7}.Release|Any CPU.Build.0 = Release|Any CPU
	EndGlobalSection
	GlobalSection(SolutionProperties) = preSolution
		HideSolutionNode = FALSE
	EndGlobalSection
	GlobalSection(ExtensibilityGlobals) = postSolution
		SolutionGuid = {70B22DA5-4233-492F-8932-F9DA848EE710}
	EndGlobalSection
EndGlobal
